
Microsoft Visual Studio Solution File, Format Version 12.00
# Visual Studio Version 17
VisualStudioVersion = 17.0.31912.275
MinimumVisualStudioVersion = 10.0.40219.1
Project("{9A19103F-16F7-4668-BE54-9A1E7A4F7556}") = "PepsiCompetitive", "PepsiCompetitive.csproj", "{DFC33DFF-0F94-4A8D-8B86-248D0B05EBD0}"
EndProject
Global
	GlobalSection(SolutionConfigurationPlatforms) = preSolution
		Debug|Any CPU = Debug|Any CPU
		Release|Any CPU = Release|Any CPU
	EndGlobalSection
	GlobalSection(ProjectConfigurationPlatforms) = postSolution
		{DFC33DFF-0F94-4A8D-8B86-248D0B05EBD0}.Debug|Any CPU.ActiveCfg = Debug|Any CPU
		{DFC33DFF-0F94-4A8D-8B86-248D0B05EBD0}.Debug|Any CPU.Build.0 = Debug|Any CPU
		{DFC33DFF-0F94-4A8D-8B86-248D0B05EBD0}.Release|Any CPU.ActiveCfg = Release|Any CPU
		{DFC33DFF-0F94-4A8D-8B86-248D0B05EBD0}.Release|Any CPU.Build.0 = Release|Any CPU
	EndGlobalSection
	GlobalSection(SolutionProperties) = preSolution
		HideSolutionNode = FALSE
	EndGlobalSection
	GlobalSection(ExtensibilityGlobals) = postSolution
		SolutionGuid = {37CC78C0-D22B-4C41-8BC3-698358D4FF3E}
	EndGlobalSection
EndGlobal
